
Microsoft Visual Studio Solution File, Format Version 12.00
# Visual Studio Version 16
VisualStudioVersion = 16.0.30320.27
MinimumVisualStudioVersion = 10.0.40219.1
Project("{9A19103F-16F7-4668-BE54-9A1E7A4F7556}") = "Project", "Script\Project.csproj", "{59FC6ADA-1514-45DC-9D92-99812273FEF7}"
EndProject
Global
	GlobalSection(SolutionConfigurationPlatforms) = preSolution
		Debug|Any CPU = Debug|Any CPU
		Release|Any CPU = Release|Any CPU
	EndGlobalSection
	GlobalSection(ProjectConfigurationPlatforms) = postSolution
		{59FC6ADA-1514-45DC-9D92-99812273FEF7}.Debug|Any CPU.ActiveCfg = Debug|Any CPU
		{59FC6ADA-1514-45DC-9D92-99812273FEF7}.Debug|Any CPU.Build.0 = Debug|Any CPU
		{59FC6ADA-1514-45DC-9D92-99812273FEF7}.Release|Any CPU.ActiveCfg = Release|Any CPU
		{59FC6ADA-1514-45DC-9D92-99812273FEF7}.Release|Any CPU.Build.0 = Release|Any CPU
	EndGlobalSection
	GlobalSection(SolutionProperties) = preSolution
		HideSolutionNode = FALSE
	EndGlobalSection
	GlobalSection(ExtensibilityGlobals) = postSolution
		SolutionGuid = {58517704-2E16-4D93-9DAD-0371BA8C2D83}
	EndGlobalSection
EndGlobal
