<?xml version="1.0" encoding="utf-8"?>
<Project ToolsVersion="4.0" xmlns="http://schemas.microsoft.com/developer/msbuild/2003">
  <ItemGroup>
    <Filter Include="Source Files">
      <UniqueIdentifier>{4FC737F1-C7A5-4376-A066-2A32D752A2FF}</UniqueIdentifier>
      <Extensions>cpp;c;cc;cxx;def;odl;idl;hpj;bat;asm;asmx</Extensions>
    </Filter>
    <Filter Include="Header Files">
      <UniqueIdentifier>{93995380-89BD-4b04-88EB-625FBE52EBFB}</UniqueIdentifier>
      <Extensions>h;hh;hpp;hxx;hm;inl;inc;ipp;xsd</Extensions>
    </Filter>
    <Filter Include="Resource Files">
      <UniqueIdentifier>{67DA6AB6-F800-4c08-8B7A-83BB121AAD01}</UniqueIdentifier>
      <Extensions>rc;ico;cur;bmp;dlg;rc2;rct;bin;rgs;gif;jpg;jpeg;jpe;resx;tiff;tif;png;wav;mfcribbon-ms</Extensions>
    </Filter>
    <Filter Include="Source Files\Ifc">
      <UniqueIdentifier>{716adc8e-7601-4737-bf4d-c3b903e48377}</UniqueIdentifier>
    </Filter>
    <Filter Include="Source Files\Interface">
      <UniqueIdentifier>{568387a4-48b3-47e4-956c-84c14bb12462}</UniqueIdentifier>
    </Filter>
    <Filter Include="Source Files\Visualisation">
      <UniqueIdentifier>{8ca35f57-33bd-4c93-8cd5-6891f5b7a690}</UniqueIdentifier>
    </Filter>
    <Filter Include="Source Files\Controller">
      <UniqueIdentifier>{348dbdf7-1cb9-4bea-b3ab-0a82dad547eb}</UniqueIdentifier>
    </Filter>
    <Filter Include="Source Files\DataModel">
      <UniqueIdentifier>{a6075bb9-0872-4bde-b311-24f54c385ced}</UniqueIdentifier>
    </Filter>
  </ItemGroup>
  <ItemGroup>
    <None Include="..\Script\Arrow_Ctrl.cs">
      <Filter>Source Files</Filter>
    </None>
    <None Include="..\Script\CameraControl.cs">
      <Filter>Source Files</Filter>
    </None>
    <None Include="..\Script\Damage_TreeView.cs">
      <Filter>Source Files</Filter>
    </None>
    <None Include="..\Script\DamageInteract.cs">
      <Filter>Source Files</Filter>
    </None>
    <None Include="..\Script\DamagePropertyTreeView.cs">
      <Filter>Source Files</Filter>
    </None>
    <None Include="..\Script\DragMouseOrbit.cs">
      <Filter>Source Files</Filter>
    </None>
    <None Include="..\Script\EdgeRT.cs">
      <Filter>Source Files</Filter>
    </None>
    <None Include="..\Script\IfcInteract.cs">
      <Filter>Source Files</Filter>
    </None>
    <None Include="..\Script\IfcOpenShellParser.cs">
      <Filter>Source Files</Filter>
    </None>
    <None Include="..\Script\IfcPropertyView.cs">
      <Filter>Source Files</Filter>
    </None>
    <None Include="..\Script\IFCTreeView.cs">
      <Filter>Source Files</Filter>
    </None>
    <None Include="..\Script\MouseHighlight.cs">
      <Filter>Source Files</Filter>
    </None>
    <None Include="..\Script\NativeWindowsAlert.cs">
      <Filter>Source Files</Filter>
    </None>
    <None Include="..\Script\ObjectBinding.cs">
      <Filter>Source Files</Filter>
    </None>
    <None Include="..\Script\StlImport.cs">
      <Filter>Source Files</Filter>
    </None>
    <None Include="..\Script\STLManipulator.cs">
      <Filter>Source Files</Filter>
    </None>
    <None Include="..\Script\SubCamera.cs">
      <Filter>Source Files</Filter>
    </None>
    <None Include="..\Script\surfaceBuider.cs">
      <Filter>Source Files</Filter>
    </None>
    <None Include="..\Script\ImageProjector.cs">
      <Filter>Source Files</Filter>
    </None>
    <None Include="..\Script\Damage.cs">
      <Filter>Source Files</Filter>
    </None>
    <None Include="..\Script\DamageProperty.cs">
      <Filter>Source Files</Filter>
    </None>
    <None Include="..\Script\ScrollViewContent.cs">
      <Filter>Source Files</Filter>
    </None>
    <None Include="..\Script\ExternalFile.cs">
      <Filter>Source Files</Filter>
    </None>
    <None Include="..\Script\Placement Tree.cs">
      <Filter>Source Files</Filter>
    </None>
    <None Include="..\Script\BIMPlacement.cs">
      <Filter>Source Files</Filter>
    </None>
    <None Include="..\Script\ExternalDocumentLoaderFactory.cs">
      <Filter>Source Files</Filter>
    </None>
    <None Include="..\Script\StlFileLoader.cs">
      <Filter>Source Files</Filter>
    </None>
    <None Include="..\Script\DataExternalDocument.cs">
      <Filter>Source Files</Filter>
    </None>
    <None Include="..\Script\ExternalMetaData.cs">
      <Filter>Source Files</Filter>
    </None>
    <None Include="..\Script\IExternalDocumentProvider.cs">
      <Filter>Source Files</Filter>
    </None>
    <None Include="..\Script\STLMetaData.cs">
      <Filter>Source Files</Filter>
    </None>
    <None Include="..\Script\STLDocumentData.cs">
      <Filter>Source Files</Filter>
    </None>
    <None Include="..\Script\IExternalDataVisualization.cs">
      <Filter>Source Files</Filter>
    </None>
    <None Include="..\Script\STLDataVisualization.cs">
      <Filter>Source Files</Filter>
    </None>
    <None Include="..\Script\StlControlBox.cs">
      <Filter>Source Files</Filter>
    </None>
    <None Include="..\Script\ColorControl.cs">
      <Filter>Source Files</Filter>
    </None>
    <None Include="..\Script\CoreElement.cs">
      <Filter>Source Files</Filter>
    </None>
    <None Include="..\Script\IDimView.cs">
      <Filter>Source Files</Filter>
    </None>
    <None Include="..\Script\IDimController.cs">
      <Filter>Source Files</Filter>
    </None>
    <None Include="..\Script\IDimModel.cs">
      <Filter>Source Files</Filter>
    </None>
    <None Include="..\Script\IFCDataProperty.cs">
      <Filter>Source Files</Filter>
    </None>
    <None Include="..\Script\DimNotification.cs">
      <Filter>Source Files</Filter>
    </None>
    <None Include="..\Script\ObjFileLoader.cs">
      <Filter>Source Files</Filter>
    </None>
    <None Include="..\Script\OBJDocumentData.cs">
      <Filter>Source Files</Filter>
    </None>
    <None Include="..\Script\OBJMetaData.cs">
      <Filter>Source Files</Filter>
    </None>
    <None Include="..\Script\ILocalDataVisualization.cs">
      <Filter>Source Files</Filter>
    </None>
    <None Include="..\Script\GUIHandler.cs">
      <Filter>Source Files</Filter>
    </None>
    <None Include="..\Script\IIFCDataVisualization.cs">
      <Filter>Source Files</Filter>
    </None>
    <None Include="..\Script\IfcEngine.cs">
      <Filter>Source Files\Ifc</Filter>
    </None>
    <None Include="..\Script\IfcWrapper.cs">
      <Filter>Source Files\Ifc</Filter>
    </None>
    <None Include="..\Script\CoreApplication.cs">
      <Filter>Source Files\Interface</Filter>
    </None>
    <None Include="..\Script\DimLocalDataController.cs">
      <Filter>Source Files\Controller</Filter>
    </None>
    <None Include="..\Script\IFC2X3_TC1.exp">
      <Filter>Source Files\Ifc</Filter>
    </None>
    <None Include="..\Script\IFC2X3-Settings.xml">
      <Filter>Source Files\Ifc</Filter>
    </None>
    <None Include="..\Script\IFC4.exp">
      <Filter>Source Files\Ifc</Filter>
    </None>
    <None Include="..\Script\IFC4-Settings.xml">
      <Filter>Source Files\Ifc</Filter>
    </None>
    <None Include="..\TestIfcEngine.cs">
      <Filter>Source Files</Filter>
    </None>
    <None Include="..\DLL\ifcengine.dll">
      <Filter>Source Files\Ifc</Filter>
    </None>
    <None Include="..\Plugins\IfcEngineWrapper.dll">
      <Filter>Source Files\Ifc</Filter>
    </None>
    <None Include="..\Script\DimLocalDataVisualization.cs">
      <Filter>Source Files\Visualisation</Filter>
    </None>
    <None Include="..\Script\IFCTreeVisualization.cs">
      <Filter>Source Files\Visualisation</Filter>
    </None>
    <None Include="..\Script\OBJDataVisualization.cs">
      <Filter>Source Files\Visualisation</Filter>
    </None>
    <None Include="..\Script\IFCProvider.cs">
      <Filter>Source Files\DataModel</Filter>
    </None>
    <None Include="..\Script\IFCDataEntity.cs">
      <Filter>Source Files\DataModel</Filter>
    </None>
  </ItemGroup>
</Project>