<?xml version="1.0" encoding="utf-8"?>
<Project ToolsVersion="4.0" xmlns="http://schemas.microsoft.com/developer/msbuild/2003">
  <ItemGroup>
    <Filter Include="Source Files">
      <UniqueIdentifier>{4FC737F1-C7A5-4376-A066-2A32D752A2FF}</UniqueIdentifier>
      <Extensions>cpp;c;cc;cxx;def;odl;idl;hpj;bat;asm;asmx</Extensions>
    </Filter>
    <Filter Include="Header Files">
      <UniqueIdentifier>{93995380-89BD-4b04-88EB-625FBE52EBFB}</UniqueIdentifier>
      <Extensions>h;hh;hpp;hxx;hm;inl;inc;ipp;xsd</Extensions>
    </Filter>
    <Filter Include="Resource Files">
      <UniqueIdentifier>{67DA6AB6-F800-4c08-8B7A-83BB121AAD01}</UniqueIdentifier>
      <Extensions>rc;ico;cur;bmp;dlg;rc2;rct;bin;rgs;gif;jpg;jpeg;jpe;resx;tiff;tif;png;wav;mfcribbon-ms</Extensions>
    </Filter>
    <Filter Include="Source Files\Ifc">
      <UniqueIdentifier>{716adc8e-7601-4737-bf4d-c3b903e48377}</UniqueIdentifier>
    </Filter>
    <Filter Include="Source Files\Interface">
      <UniqueIdentifier>{568387a4-48b3-47e4-956c-84c14bb12462}</UniqueIdentifier>
    </Filter>
    <Filter Include="Source Files\Visualisation">
      <UniqueIdentifier>{8ca35f57-33bd-4c93-8cd5-6891f5b7a690}</UniqueIdentifier>
    </Filter>
    <Filter Include="Source Files\Controller">
      <UniqueIdentifier>{348dbdf7-1cb9-4bea-b3ab-0a82dad547eb}</UniqueIdentifier>
    </Filter>
    <Filter Include="Source Files\DataModel">
      <UniqueIdentifier>{a6075bb9-0872-4bde-b311-24f54c385ced}</UniqueIdentifier>
    </Filter>
    <Filter Include="Source Files\DataModel\IFC">
      <UniqueIdentifier>{19daf356-a54b-455e-8817-bd8905eb2c74}</UniqueIdentifier>
    </Filter>
    <Filter Include="Source Files\Visualisation\IFC">
      <UniqueIdentifier>{2ce9524d-7837-40ff-ab7c-3bdf829b445d}</UniqueIdentifier>
    </Filter>
    <Filter Include="Source Files\Visualisation\External3D">
      <UniqueIdentifier>{0ebfc28d-42c1-48db-ab5d-4b31b57aef20}</UniqueIdentifier>
    </Filter>
    <Filter Include="Source Files\Controller\IFC">
      <UniqueIdentifier>{1c52a21c-acf6-4138-8707-39584e06ef74}</UniqueIdentifier>
    </Filter>
    <Filter Include="Source Files\DataModel\Damage">
      <UniqueIdentifier>{b24fd9ea-4948-4bba-a308-778dc0f176ff}</UniqueIdentifier>
    </Filter>
    <Filter Include="Source Files\Visualisation\Damage">
      <UniqueIdentifier>{722780d6-6552-4c50-afd6-55999aebb82e}</UniqueIdentifier>
    </Filter>
    <Filter Include="Source Files\Visualisation\GUI">
      <UniqueIdentifier>{6e9d5e15-e2c3-4dcb-9a5b-77de94850bfe}</UniqueIdentifier>
    </Filter>
    <Filter Include="Source Files\Controller\GUI">
      <UniqueIdentifier>{8c0d2b2e-f7d7-448d-8fb4-bc658717a2a6}</UniqueIdentifier>
    </Filter>
    <Filter Include="Source Files\Visualisation\GUI\GUI_Item">
      <UniqueIdentifier>{8147315d-c2b5-49ff-a04c-8a6f4af7438e}</UniqueIdentifier>
    </Filter>
    <Filter Include="Source Files\DataModel\ExternalDocument">
      <UniqueIdentifier>{23415a9e-420a-46c8-8726-874e432ca6ae}</UniqueIdentifier>
    </Filter>
    <Filter Include="Source Files\DataModel\ExternalDocument\STL">
      <UniqueIdentifier>{f70e70fc-29e7-4242-927a-1bab42a0160e}</UniqueIdentifier>
    </Filter>
    <Filter Include="Source Files\DataModel\ExternalDocument\OBJ">
      <UniqueIdentifier>{418a76fe-d27f-4b14-8611-dee6977e2d0a}</UniqueIdentifier>
    </Filter>
    <Filter Include="Source Files\Visualisation\SupportClass">
      <UniqueIdentifier>{cb27708c-bda3-47c2-8957-170a4adee88a}</UniqueIdentifier>
    </Filter>
  </ItemGroup>
  <ItemGroup>
    <None Include="..\Script\Arrow_Ctrl.cs">
      <Filter>Source Files</Filter>
    </None>
    <None Include="..\Script\CameraControl.cs">
      <Filter>Source Files</Filter>
    </None>
    <None Include="..\Script\Damage_TreeView.cs">
      <Filter>Source Files</Filter>
    </None>
    <None Include="..\Script\DamageInteract.cs">
      <Filter>Source Files</Filter>
    </None>
    <None Include="..\Script\DamagePropertyTreeView.cs">
      <Filter>Source Files</Filter>
    </None>
    <None Include="..\Script\DragMouseOrbit.cs">
      <Filter>Source Files</Filter>
    </None>
    <None Include="..\Script\EdgeRT.cs">
      <Filter>Source Files</Filter>
    </None>
    <None Include="..\Script\IfcInteract.cs">
      <Filter>Source Files</Filter>
    </None>
    <None Include="..\Script\IfcOpenShellParser.cs">
      <Filter>Source Files</Filter>
    </None>
    <None Include="..\Script\IfcPropertyView.cs">
      <Filter>Source Files</Filter>
    </None>
    <None Include="..\Script\IFCTreeView.cs">
      <Filter>Source Files</Filter>
    </None>
    <None Include="..\Script\NativeWindowsAlert.cs">
      <Filter>Source Files</Filter>
    </None>
    <None Include="..\Script\ObjectBinding.cs">
      <Filter>Source Files</Filter>
    </None>
    <None Include="..\Script\StlImport.cs">
      <Filter>Source Files</Filter>
    </None>
    <None Include="..\Script\STLManipulator.cs">
      <Filter>Source Files</Filter>
    </None>
    <None Include="..\Script\SubCamera.cs">
      <Filter>Source Files</Filter>
    </None>
    <None Include="..\Script\ImageProjector.cs">
      <Filter>Source Files</Filter>
    </None>
    <None Include="..\Script\Damage.cs">
      <Filter>Source Files</Filter>
    </None>
    <None Include="..\Script\DamageProperty.cs">
      <Filter>Source Files</Filter>
    </None>
    <None Include="..\Script\ExternalFile.cs">
      <Filter>Source Files</Filter>
    </None>
    <None Include="..\Script\Placement Tree.cs">
      <Filter>Source Files</Filter>
    </None>
    <None Include="..\Script\StlFileLoader.cs">
      <Filter>Source Files</Filter>
    </None>
    <None Include="..\Script\STLMetaData.cs">
      <Filter>Source Files</Filter>
    </None>
    <None Include="..\Script\StlControlBox.cs">
      <Filter>Source Files</Filter>
    </None>
    <None Include="..\Script\ColorControl.cs">
      <Filter>Source Files</Filter>
    </None>
    <None Include="..\Script\ObjFileLoader.cs">
      <Filter>Source Files</Filter>
    </None>
    <None Include="..\Script\OBJMetaData.cs">
      <Filter>Source Files</Filter>
    </None>
    <None Include="..\Script\IfcEngine.cs">
      <Filter>Source Files\Ifc</Filter>
    </None>
    <None Include="..\Script\IfcWrapper.cs">
      <Filter>Source Files\Ifc</Filter>
    </None>
    <None Include="..\Script\CoreApplication.cs">
      <Filter>Source Files\Interface</Filter>
    </None>
    <None Include="..\Script\DimLocalDataController.cs">
      <Filter>Source Files\Controller</Filter>
    </None>
    <None Include="..\Script\IFC2X3_TC1.exp">
      <Filter>Source Files\Ifc</Filter>
    </None>
    <None Include="..\Script\IFC2X3-Settings.xml">
      <Filter>Source Files\Ifc</Filter>
    </None>
    <None Include="..\Script\IFC4.exp">
      <Filter>Source Files\Ifc</Filter>
    </None>
    <None Include="..\Script\IFC4-Settings.xml">
      <Filter>Source Files\Ifc</Filter>
    </None>
    <None Include="..\TestIfcEngine.cs">
      <Filter>Source Files</Filter>
    </None>
    <None Include="..\DLL\ifcengine.dll">
      <Filter>Source Files\Ifc</Filter>
    </None>
    <None Include="..\Plugins\IfcEngineWrapper.dll">
      <Filter>Source Files\Ifc</Filter>
    </None>
    <None Include="..\Script\DimLocalDataVisualization.cs">
      <Filter>Source Files\Visualisation</Filter>
    </None>
    <None Include="..\Script\IDimController.cs">
      <Filter>Source Files\Interface</Filter>
    </None>
    <None Include="..\Script\IDimModel.cs">
      <Filter>Source Files\Interface</Filter>
    </None>
    <None Include="..\Script\IDimView.cs">
      <Filter>Source Files\Interface</Filter>
    </None>
    <None Include="..\Script\IFCDataEntity.cs">
      <Filter>Source Files\DataModel\IFC</Filter>
    </None>
    <None Include="..\Script\IFCTreeVisualization.cs">
      <Filter>Source Files\Visualisation\IFC</Filter>
    </None>
    <None Include="..\Script\OBJDataVisualization.cs">
      <Filter>Source Files\Visualisation\External3D</Filter>
    </None>
    <None Include="..\Script\STLDataVisualization.cs">
      <Filter>Source Files\Visualisation\External3D</Filter>
    </None>
    <None Include="..\Script\IFCProvider.cs">
      <Filter>Source Files\Controller\IFC</Filter>
    </None>
    <None Include="..\Script\IfcPropertyVisualization.cs">
      <Filter>Source Files\Visualisation\IFC</Filter>
    </None>
    <None Include="..\Script\IFCDataProperty.cs">
      <Filter>Source Files\DataModel\IFC</Filter>
    </None>
    <None Include="..\Script\DimNotification.cs">
      <Filter>Source Files\Interface</Filter>
    </None>
    <None Include="..\Script\DamageTreeVisualization.cs">
      <Filter>Source Files\Visualisation\Damage</Filter>
    </None>
    <None Include="..\Script\DamagePropertyVisualization.cs">
      <Filter>Source Files\Visualisation\Damage</Filter>
    </None>
    <None Include="..\Script\DamageDataEntity.cs">
      <Filter>Source Files\DataModel\Damage</Filter>
    </None>
    <None Include="..\Script\GUIHandler.cs">
      <Filter>Source Files\Controller\GUI</Filter>
    </None>
    <None Include="..\Script\DamageGUI.cs">
      <Filter>Source Files\Visualisation\GUI</Filter>
    </None>
    <None Include="..\Script\GeneralDialogBox.cs">
      <Filter>Source Files\Visualisation\GUI\GUI_Item</Filter>
    </None>
    <None Include="..\Script\ImageDialogBox.cs">
      <Filter>Source Files\Visualisation\GUI\GUI_Item</Filter>
    </None>
    <None Include="..\Script\DialogBox.cs">
      <Filter>Source Files\Visualisation\GUI\GUI_Item</Filter>
    </None>
    <None Include="..\Script\TextDialogBox.cs">
      <Filter>Source Files\Visualisation\GUI\GUI_Item</Filter>
    </None>
    <None Include="..\Script\InputTextDialogBox.cs">
      <Filter>Source Files\Visualisation\GUI\GUI_Item</Filter>
    </None>
    <None Include="..\Script\InputImageDialogBox.cs">
      <Filter>Source Files\Visualisation\GUI\GUI_Item</Filter>
    </None>
    <None Include="..\Script\OrientationDialogBox.cs">
      <Filter>Source Files\Visualisation\GUI\GUI_Item</Filter>
    </None>
    <None Include="..\Script\CoreElement.cs">
      <Filter>Source Files\Interface</Filter>
    </None>
    <None Include="..\Script\ILocalDataVisualization.cs">
      <Filter>Source Files\Visualisation</Filter>
    </None>
    <None Include="..\Script\IIFCDataVisualization.cs">
      <Filter>Source Files\Visualisation</Filter>
    </None>
    <None Include="..\Script\ExternalDocumentLoaderFactory.cs">
      <Filter>Source Files\DataModel\ExternalDocument</Filter>
    </None>
    <None Include="..\Script\DataExternalDocument.cs">
      <Filter>Source Files\DataModel\ExternalDocument</Filter>
    </None>
    <None Include="..\Script\IExternalDataVisualization.cs">
      <Filter>Source Files\Visualisation</Filter>
    </None>
    <None Include="..\Script\IExternalDocumentProvider.cs">
      <Filter>Source Files\Interface</Filter>
    </None>
    <None Include="..\Script\STLDocumentData.cs">
      <Filter>Source Files\DataModel\ExternalDocument\STL</Filter>
    </None>
    <None Include="..\Script\OBJDocumentData.cs">
      <Filter>Source Files\DataModel\ExternalDocument\OBJ</Filter>
    </None>
    <None Include="..\Script\ExternalMetaData.cs">
      <Filter>Source Files\Interface</Filter>
    </None>
    <None Include="..\Script\RefLoacationDialogBox.cs">
      <Filter>Source Files\Visualisation\GUI\GUI_Item</Filter>
    </None>
    <None Include="..\Script\DamageLabel.cs">
      <Filter>Source Files\Visualisation\SupportClass</Filter>
    </None>
    <None Include="..\Script\ScrollViewContent.cs">
      <Filter>Source Files\Visualisation\SupportClass</Filter>
    </None>
    <None Include="..\Script\PlaneOrientationDialogBox.cs">
      <Filter>Source Files\Visualisation\GUI\GUI_Item</Filter>
    </None>
    <None Include="..\Script\EditTextDialogBox.cs">
      <Filter>Source Files\Visualisation\GUI\GUI_Item</Filter>
    </None>
    <None Include="..\Script\EditImageDialogBox.cs">
      <Filter>Source Files\Visualisation\GUI\GUI_Item</Filter>
    </None>
    <None Include="..\Script\Camera3DPreview.cs">
      <Filter>Source Files\Visualisation\SupportClass</Filter>
    </None>
    <None Include="..\Script\MouseHighlight.cs">
      <Filter>Source Files\Visualisation\SupportClass</Filter>
    </None>
    <None Include="..\Script\BIMPlacement.cs">
      <Filter>Source Files\Visualisation\SupportClass</Filter>
    </None>
  </ItemGroup>
</Project>